
Microsoft Visual Studio Solution File, Format Version 12.00
# Visual Studio 15
VisualStudioVersion = 15.0.28307.168
MinimumVisualStudioVersion = 10.0.40219.1
Project("{9A19103F-16F7-4668-BE54-9A1E7A4F7556}") = "I.SimpleHandmadeFramework.Web", "I.SimpleHandmadeFramework.Web\I.SimpleHandmadeFramework.Web.csproj", "{1D3AFEB9-2FFD-4335-A7E5-462459F75270}"
EndProject
Project("{FAE04EC0-301F-11D3-BF4B-00C04F79EFBC}") = "I.SimpleHandmadeFramework.Server", "I.SimpleHandmadeFramework.Server\I.SimpleHandmadeFramework.Server.csproj", "{47E75471-6DD5-4E55-BBCD-93AA1E88282B}"
EndProject
Project("{FAE04EC0-301F-11D3-BF4B-00C04F79EFBC}") = "I.SimpleHandmadeFramework.ViewEngine", "I.SimpleHandmadeFramework.ViewEngine\I.SimpleHandmadeFramework.ViewEngine.csproj", "{67E6D7D0-9759-4A4A-9694-B0F4FE49D0C9}"
EndProject
Global
	GlobalSection(SolutionConfigurationPlatforms) = preSolution
		Debug|Any CPU = Debug|Any CPU
		Release|Any CPU = Release|Any CPU
	EndGlobalSection
	GlobalSection(ProjectConfigurationPlatforms) = postSolution
		{1D3AFEB9-2FFD-4335-A7E5-462459F75270}.Debug|Any CPU.ActiveCfg = Debug|Any CPU
		{1D3AFEB9-2FFD-4335-A7E5-462459F75270}.Debug|Any CPU.Build.0 = Debug|Any CPU
		{1D3AFEB9-2FFD-4335-A7E5-462459F75270}.Release|Any CPU.ActiveCfg = Release|Any CPU
		{1D3AFEB9-2FFD-4335-A7E5-462459F75270}.Release|Any CPU.Build.0 = Release|Any CPU
		{47E75471-6DD5-4E55-BBCD-93AA1E88282B}.Debug|Any CPU.ActiveCfg = Debug|Any CPU
		{47E75471-6DD5-4E55-BBCD-93AA1E88282B}.Debug|Any CPU.Build.0 = Debug|Any CPU
		{47E75471-6DD5-4E55-BBCD-93AA1E88282B}.Release|Any CPU.ActiveCfg = Release|Any CPU
		{47E75471-6DD5-4E55-BBCD-93AA1E88282B}.Release|Any CPU.Build.0 = Release|Any CPU
		{67E6D7D0-9759-4A4A-9694-B0F4FE49D0C9}.Debug|Any CPU.ActiveCfg = Debug|Any CPU
		{67E6D7D0-9759-4A4A-9694-B0F4FE49D0C9}.Debug|Any CPU.Build.0 = Debug|Any CPU
		{67E6D7D0-9759-4A4A-9694-B0F4FE49D0C9}.Release|Any CPU.ActiveCfg = Release|Any CPU
		{67E6D7D0-9759-4A4A-9694-B0F4FE49D0C9}.Release|Any CPU.Build.0 = Release|Any CPU
	EndGlobalSection
	GlobalSection(SolutionProperties) = preSolution
		HideSolutionNode = FALSE
	EndGlobalSection
	GlobalSection(ExtensibilityGlobals) = postSolution
		SolutionGuid = {65AA3D32-94F6-43DB-9139-D8B475386EC0}
	EndGlobalSection
EndGlobal
